
Microsoft Visual Studio Solution File, Format Version 12.00
# Visual Studio 15
VisualStudioVersion = 15.0.27004.2006
MinimumVisualStudioVersion = 10.0.40219.1
Project("{FAE04EC0-301F-11D3-BF4B-00C04F79EFBC}") = "ResourceLibrary", "ResourceLibrary\ResourceLibrary.csproj", "{F54C1C17-61A5-4FD0-86BA-7F2288F77DBB}"
EndProject
Project("{FAE04EC0-301F-11D3-BF4B-00C04F79EFBC}") = "Services", "Services\Services.csproj", "{516FF07E-0E9B-475C-84DA-D09520347ADF}"
EndProject
Project("{FAE04EC0-301F-11D3-BF4B-00C04F79EFBC}") = "NCHCEntity", "NCHCEntity\NCHCEntity.csproj", "{09EFD2C4-D9CC-45D2-B090-5413168E375C}"
EndProject
Project("{FAE04EC0-301F-11D3-BF4B-00C04F79EFBC}") = "WebSiteProject", "WebSiteProject\WebSiteProject.csproj", "{007EF589-4CC0-4A32-A300-7EC6D07202D8}"
EndProject
Project("{FAE04EC0-301F-11D3-BF4B-00C04F79EFBC}") = "SQLModel", "SQLModel\SQLModel.csproj", "{B9127546-557F-4865-9783-A67C098ABA91}"
EndProject
Project("{FAE04EC0-301F-11D3-BF4B-00C04F79EFBC}") = "Utilities", "Utilities\Utilities.csproj", "{5365130A-81E7-4CAF-BAF7-E62C0C65776B}"
EndProject
Global
	GlobalSection(SolutionConfigurationPlatforms) = preSolution
		Debug|Any CPU = Debug|Any CPU
		Debug|ARM = Debug|ARM
		Debug|x64 = Debug|x64
		Debug|x86 = Debug|x86
		Release|Any CPU = Release|Any CPU
		Release|ARM = Release|ARM
		Release|x64 = Release|x64
		Release|x86 = Release|x86
	EndGlobalSection
	GlobalSection(ProjectConfigurationPlatforms) = postSolution
		{F54C1C17-61A5-4FD0-86BA-7F2288F77DBB}.Debug|Any CPU.ActiveCfg = Debug|Any CPU
		{F54C1C17-61A5-4FD0-86BA-7F2288F77DBB}.Debug|Any CPU.Build.0 = Debug|Any CPU
		{F54C1C17-61A5-4FD0-86BA-7F2288F77DBB}.Debug|ARM.ActiveCfg = Debug|Any CPU
		{F54C1C17-61A5-4FD0-86BA-7F2288F77DBB}.Debug|ARM.Build.0 = Debug|Any CPU
		{F54C1C17-61A5-4FD0-86BA-7F2288F77DBB}.Debug|x64.ActiveCfg = Debug|Any CPU
		{F54C1C17-61A5-4FD0-86BA-7F2288F77DBB}.Debug|x64.Build.0 = Debug|Any CPU
		{F54C1C17-61A5-4FD0-86BA-7F2288F77DBB}.Debug|x86.ActiveCfg = Debug|Any CPU
		{F54C1C17-61A5-4FD0-86BA-7F2288F77DBB}.Debug|x86.Build.0 = Debug|Any CPU
		{F54C1C17-61A5-4FD0-86BA-7F2288F77DBB}.Release|Any CPU.ActiveCfg = Release|Any CPU
		{F54C1C17-61A5-4FD0-86BA-7F2288F77DBB}.Release|Any CPU.Build.0 = Release|Any CPU
		{F54C1C17-61A5-4FD0-86BA-7F2288F77DBB}.Release|ARM.ActiveCfg = Release|Any CPU
		{F54C1C17-61A5-4FD0-86BA-7F2288F77DBB}.Release|ARM.Build.0 = Release|Any CPU
		{F54C1C17-61A5-4FD0-86BA-7F2288F77DBB}.Release|x64.ActiveCfg = Release|Any CPU
		{F54C1C17-61A5-4FD0-86BA-7F2288F77DBB}.Release|x64.Build.0 = Release|Any CPU
		{F54C1C17-61A5-4FD0-86BA-7F2288F77DBB}.Release|x86.ActiveCfg = Release|Any CPU
		{F54C1C17-61A5-4FD0-86BA-7F2288F77DBB}.Release|x86.Build.0 = Release|Any CPU
		{516FF07E-0E9B-475C-84DA-D09520347ADF}.Debug|Any CPU.ActiveCfg = Debug|Any CPU
		{516FF07E-0E9B-475C-84DA-D09520347ADF}.Debug|Any CPU.Build.0 = Debug|Any CPU
		{516FF07E-0E9B-475C-84DA-D09520347ADF}.Debug|ARM.ActiveCfg = Debug|Any CPU
		{516FF07E-0E9B-475C-84DA-D09520347ADF}.Debug|ARM.Build.0 = Debug|Any CPU
		{516FF07E-0E9B-475C-84DA-D09520347ADF}.Debug|x64.ActiveCfg = Debug|Any CPU
		{516FF07E-0E9B-475C-84DA-D09520347ADF}.Debug|x64.Build.0 = Debug|Any CPU
		{516FF07E-0E9B-475C-84DA-D09520347ADF}.Debug|x86.ActiveCfg = Debug|Any CPU
		{516FF07E-0E9B-475C-84DA-D09520347ADF}.Debug|x86.Build.0 = Debug|Any CPU
		{516FF07E-0E9B-475C-84DA-D09520347ADF}.Release|Any CPU.ActiveCfg = Release|Any CPU
		{516FF07E-0E9B-475C-84DA-D09520347ADF}.Release|Any CPU.Build.0 = Release|Any CPU
		{516FF07E-0E9B-475C-84DA-D09520347ADF}.Release|ARM.ActiveCfg = Release|Any CPU
		{516FF07E-0E9B-475C-84DA-D09520347ADF}.Release|ARM.Build.0 = Release|Any CPU
		{516FF07E-0E9B-475C-84DA-D09520347ADF}.Release|x64.ActiveCfg = Release|Any CPU
		{516FF07E-0E9B-475C-84DA-D09520347ADF}.Release|x64.Build.0 = Release|Any CPU
		{516FF07E-0E9B-475C-84DA-D09520347ADF}.Release|x86.ActiveCfg = Release|Any CPU
		{516FF07E-0E9B-475C-84DA-D09520347ADF}.Release|x86.Build.0 = Release|Any CPU
		{09EFD2C4-D9CC-45D2-B090-5413168E375C}.Debug|Any CPU.ActiveCfg = Debug|Any CPU
		{09EFD2C4-D9CC-45D2-B090-5413168E375C}.Debug|Any CPU.Build.0 = Debug|Any CPU
		{09EFD2C4-D9CC-45D2-B090-5413168E375C}.Debug|ARM.ActiveCfg = Debug|Any CPU
		{09EFD2C4-D9CC-45D2-B090-5413168E375C}.Debug|ARM.Build.0 = Debug|Any CPU
		{09EFD2C4-D9CC-45D2-B090-5413168E375C}.Debug|x64.ActiveCfg = Debug|Any CPU
		{09EFD2C4-D9CC-45D2-B090-5413168E375C}.Debug|x64.Build.0 = Debug|Any CPU
		{09EFD2C4-D9CC-45D2-B090-5413168E375C}.Debug|x86.ActiveCfg = Debug|Any CPU
		{09EFD2C4-D9CC-45D2-B090-5413168E375C}.Debug|x86.Build.0 = Debug|Any CPU
		{09EFD2C4-D9CC-45D2-B090-5413168E375C}.Release|Any CPU.ActiveCfg = Release|Any CPU
		{09EFD2C4-D9CC-45D2-B090-5413168E375C}.Release|Any CPU.Build.0 = Release|Any CPU
		{09EFD2C4-D9CC-45D2-B090-5413168E375C}.Release|ARM.ActiveCfg = Release|Any CPU
		{09EFD2C4-D9CC-45D2-B090-5413168E375C}.Release|ARM.Build.0 = Release|Any CPU
		{09EFD2C4-D9CC-45D2-B090-5413168E375C}.Release|x64.ActiveCfg = Release|Any CPU
		{09EFD2C4-D9CC-45D2-B090-5413168E375C}.Release|x64.Build.0 = Release|Any CPU
		{09EFD2C4-D9CC-45D2-B090-5413168E375C}.Release|x86.ActiveCfg = Release|Any CPU
		{09EFD2C4-D9CC-45D2-B090-5413168E375C}.Release|x86.Build.0 = Release|Any CPU
		{007EF589-4CC0-4A32-A300-7EC6D07202D8}.Debug|Any CPU.ActiveCfg = Debug|Any CPU
		{007EF589-4CC0-4A32-A300-7EC6D07202D8}.Debug|Any CPU.Build.0 = Debug|Any CPU
		{007EF589-4CC0-4A32-A300-7EC6D07202D8}.Debug|ARM.ActiveCfg = Debug|Any CPU
		{007EF589-4CC0-4A32-A300-7EC6D07202D8}.Debug|ARM.Build.0 = Debug|Any CPU
		{007EF589-4CC0-4A32-A300-7EC6D07202D8}.Debug|x64.ActiveCfg = Debug|Any CPU
		{007EF589-4CC0-4A32-A300-7EC6D07202D8}.Debug|x64.Build.0 = Debug|Any CPU
		{007EF589-4CC0-4A32-A300-7EC6D07202D8}.Debug|x86.ActiveCfg = Debug|Any CPU
		{007EF589-4CC0-4A32-A300-7EC6D07202D8}.Debug|x86.Build.0 = Debug|Any CPU
		{007EF589-4CC0-4A32-A300-7EC6D07202D8}.Release|Any CPU.ActiveCfg = Release|Any CPU
		{007EF589-4CC0-4A32-A300-7EC6D07202D8}.Release|Any CPU.Build.0 = Release|Any CPU
		{007EF589-4CC0-4A32-A300-7EC6D07202D8}.Release|ARM.ActiveCfg = Release|Any CPU
		{007EF589-4CC0-4A32-A300-7EC6D07202D8}.Release|ARM.Build.0 = Release|Any CPU
		{007EF589-4CC0-4A32-A300-7EC6D07202D8}.Release|x64.ActiveCfg = Release|Any CPU
		{007EF589-4CC0-4A32-A300-7EC6D07202D8}.Release|x64.Build.0 = Release|Any CPU
		{007EF589-4CC0-4A32-A300-7EC6D07202D8}.Release|x86.ActiveCfg = Release|Any CPU
		{007EF589-4CC0-4A32-A300-7EC6D07202D8}.Release|x86.Build.0 = Release|Any CPU
		{B9127546-557F-4865-9783-A67C098ABA91}.Debug|Any CPU.ActiveCfg = Debug|Any CPU
		{B9127546-557F-4865-9783-A67C098ABA91}.Debug|Any CPU.Build.0 = Debug|Any CPU
		{B9127546-557F-4865-9783-A67C098ABA91}.Debug|ARM.ActiveCfg = Debug|Any CPU
		{B9127546-557F-4865-9783-A67C098ABA91}.Debug|ARM.Build.0 = Debug|Any CPU
		{B9127546-557F-4865-9783-A67C098ABA91}.Debug|x64.ActiveCfg = Debug|Any CPU
		{B9127546-557F-4865-9783-A67C098ABA91}.Debug|x64.Build.0 = Debug|Any CPU
		{B9127546-557F-4865-9783-A67C098ABA91}.Debug|x86.ActiveCfg = Debug|Any CPU
		{B9127546-557F-4865-9783-A67C098ABA91}.Debug|x86.Build.0 = Debug|Any CPU
		{B9127546-557F-4865-9783-A67C098ABA91}.Release|Any CPU.ActiveCfg = Release|Any CPU
		{B9127546-557F-4865-9783-A67C098ABA91}.Release|Any CPU.Build.0 = Release|Any CPU
		{B9127546-557F-4865-9783-A67C098ABA91}.Release|ARM.ActiveCfg = Release|Any CPU
		{B9127546-557F-4865-9783-A67C098ABA91}.Release|ARM.Build.0 = Release|Any CPU
		{B9127546-557F-4865-9783-A67C098ABA91}.Release|x64.ActiveCfg = Release|Any CPU
		{B9127546-557F-4865-9783-A67C098ABA91}.Release|x64.Build.0 = Release|Any CPU
		{B9127546-557F-4865-9783-A67C098ABA91}.Release|x86.ActiveCfg = Release|Any CPU
		{B9127546-557F-4865-9783-A67C098ABA91}.Release|x86.Build.0 = Release|Any CPU
		{5365130A-81E7-4CAF-BAF7-E62C0C65776B}.Debug|Any CPU.ActiveCfg = Debug|Any CPU
		{5365130A-81E7-4CAF-BAF7-E62C0C65776B}.Debug|Any CPU.Build.0 = Debug|Any CPU
		{5365130A-81E7-4CAF-BAF7-E62C0C65776B}.Debug|ARM.ActiveCfg = Debug|Any CPU
		{5365130A-81E7-4CAF-BAF7-E62C0C65776B}.Debug|ARM.Build.0 = Debug|Any CPU
		{5365130A-81E7-4CAF-BAF7-E62C0C65776B}.Debug|x64.ActiveCfg = Debug|Any CPU
		{5365130A-81E7-4CAF-BAF7-E62C0C65776B}.Debug|x64.Build.0 = Debug|Any CPU
		{5365130A-81E7-4CAF-BAF7-E62C0C65776B}.Debug|x86.ActiveCfg = Debug|Any CPU
		{5365130A-81E7-4CAF-BAF7-E62C0C65776B}.Debug|x86.Build.0 = Debug|Any CPU
		{5365130A-81E7-4CAF-BAF7-E62C0C65776B}.Release|Any CPU.ActiveCfg = Release|Any CPU
		{5365130A-81E7-4CAF-BAF7-E62C0C65776B}.Release|Any CPU.Build.0 = Release|Any CPU
		{5365130A-81E7-4CAF-BAF7-E62C0C65776B}.Release|ARM.ActiveCfg = Release|Any CPU
		{5365130A-81E7-4CAF-BAF7-E62C0C65776B}.Release|ARM.Build.0 = Release|Any CPU
		{5365130A-81E7-4CAF-BAF7-E62C0C65776B}.Release|x64.ActiveCfg = Release|Any CPU
		{5365130A-81E7-4CAF-BAF7-E62C0C65776B}.Release|x64.Build.0 = Release|Any CPU
		{5365130A-81E7-4CAF-BAF7-E62C0C65776B}.Release|x86.ActiveCfg = Release|Any CPU
		{5365130A-81E7-4CAF-BAF7-E62C0C65776B}.Release|x86.Build.0 = Release|Any CPU
	EndGlobalSection
	GlobalSection(SolutionProperties) = preSolution
		HideSolutionNode = FALSE
	EndGlobalSection
	GlobalSection(ExtensibilityGlobals) = postSolution
		SolutionGuid = {344286AC-E65F-4834-8FA3-9EC0D2232207}
	EndGlobalSection
EndGlobal
